// !$*UTF8*$!
{
	archiveVersion = 1;
	classes = {
	};
	objectVersion = 55;
	objects = {

/* Begin PBXBuildFile section */
		0E333789279EAE4700F473BA /* AppDelegate.swift in Sources */ = {isa = PBXBuildFile; fileRef = 0E333788279EAE4700F473BA /* AppDelegate.swift */; };
		0E33378B279EAE4700F473BA /* SceneDelegate.swift in Sources */ = {isa = PBXBuildFile; fileRef = 0E33378A279EAE4700F473BA /* SceneDelegate.swift */; };
		0E33378D279EAE4700F473BA /* BaseViewController.swift in Sources */ = {isa = PBXBuildFile; fileRef = 0E33378C279EAE4700F473BA /* BaseViewController.swift */; };
		0E333790279EAE4700F473BA /* Main.storyboard in Resources */ = {isa = PBXBuildFile; fileRef = 0E33378E279EAE4700F473BA /* Main.storyboard */; };
		0E333792279EAE4A00F473BA /* Assets.xcassets in Resources */ = {isa = PBXBuildFile; fileRef = 0E333791279EAE4A00F473BA /* Assets.xcassets */; };
		0E333795279EAE4A00F473BA /* LaunchScreen.storyboard in Resources */ = {isa = PBXBuildFile; fileRef = 0E333793279EAE4A00F473BA /* LaunchScreen.storyboard */; };
		0E33379D279EB58C00F473BA /* TabBarController.swift in Sources */ = {isa = PBXBuildFile; fileRef = 0E33379C279EB58C00F473BA /* TabBarController.swift */; };
		0E33379F279EB62000F473BA /* Router.swift in Sources */ = {isa = PBXBuildFile; fileRef = 0E33379E279EB62000F473BA /* Router.swift */; };
		0E3337A1279EB74500F473BA /* BaseNavigationController.swift in Sources */ = {isa = PBXBuildFile; fileRef = 0E3337A0279EB74500F473BA /* BaseNavigationController.swift */; };
		0E3337A3279EB8DC00F473BA /* ViewModelType.swift in Sources */ = {isa = PBXBuildFile; fileRef = 0E3337A2279EB8DC00F473BA /* ViewModelType.swift */; };
		0E3337A5279EBB8E00F473BA /* RootRateNavigationController.swift in Sources */ = {isa = PBXBuildFile; fileRef = 0E3337A4279EBB8E00F473BA /* RootRateNavigationController.swift */; };
		0E3337A7279EBBB200F473BA /* RootCalculatorNavigationController.swift in Sources */ = {isa = PBXBuildFile; fileRef = 0E3337A6279EBBB200F473BA /* RootCalculatorNavigationController.swift */; };
		0E3337A9279EBBE100F473BA /* RootMapNavigationController.swift in Sources */ = {isa = PBXBuildFile; fileRef = 0E3337A8279EBBE100F473BA /* RootMapNavigationController.swift */; };
		0E3337AB279EBBFB00F473BA /* RootSettingNavigationController.swift in Sources */ = {isa = PBXBuildFile; fileRef = 0E3337AA279EBBFB00F473BA /* RootSettingNavigationController.swift */; };
		0E3337AD279EBC7D00F473BA /* RootRouter.swift in Sources */ = {isa = PBXBuildFile; fileRef = 0E3337AC279EBC7D00F473BA /* RootRouter.swift */; };
		0E3337B1279EBD2B00F473BA /* RateRouter.swift in Sources */ = {isa = PBXBuildFile; fileRef = 0E3337B0279EBD2B00F473BA /* RateRouter.swift */; };
		0E3337B3279F9DCE00F473BA /* RootNavigationController.swift in Sources */ = {isa = PBXBuildFile; fileRef = 0E3337B2279F9DCE00F473BA /* RootNavigationController.swift */; };
		0E3337B6279FA1DE00F473BA /* UIStoryboard+Create.swift in Sources */ = {isa = PBXBuildFile; fileRef = 0E3337B5279FA1DE00F473BA /* UIStoryboard+Create.swift */; };
		0E3337B8279FA7EC00F473BA /* UIColorInitExtension.swift in Sources */ = {isa = PBXBuildFile; fileRef = 0E3337B7279FA7EC00F473BA /* UIColorInitExtension.swift */; };
		0E3337BA279FAE4B00F473BA /* UIViewRoundCornerExtension.swift in Sources */ = {isa = PBXBuildFile; fileRef = 0E3337B9279FAE4B00F473BA /* UIViewRoundCornerExtension.swift */; };
		0E3337BC279FAE9F00F473BA /* UIViewShadowExtension.swift in Sources */ = {isa = PBXBuildFile; fileRef = 0E3337BB279FAE9F00F473BA /* UIViewShadowExtension.swift */; };
		0E3337BE279FB13E00F473BA /* Rate.storyboard in Resources */ = {isa = PBXBuildFile; fileRef = 0E3337BD279FB13E00F473BA /* Rate.storyboard */; };
		0E3337C0279FB5E500F473BA /* RateViewController.swift in Sources */ = {isa = PBXBuildFile; fileRef = 0E3337BF279FB5E500F473BA /* RateViewController.swift */; };
		0E3337C2279FDE1D00F473BA /* RateTableViewCell.swift in Sources */ = {isa = PBXBuildFile; fileRef = 0E3337C1279FDE1D00F473BA /* RateTableViewCell.swift */; };
		0E3337C9279FE5D800F473BA /* RateViewModel.swift in Sources */ = {isa = PBXBuildFile; fileRef = 0E3337C8279FE5D800F473BA /* RateViewModel.swift */; };
		0E3337CB279FE5EC00F473BA /* RateTableViewCellViewModel.swift in Sources */ = {isa = PBXBuildFile; fileRef = 0E3337CA279FE5EC00F473BA /* RateTableViewCellViewModel.swift */; };
		0E3337CE279FE9BF00F473BA /* Api.swift in Sources */ = {isa = PBXBuildFile; fileRef = 0E3337CD279FE9BF00F473BA /* Api.swift */; };
		0E3337D0279FE9D200F473BA /* NetworkManager.swift in Sources */ = {isa = PBXBuildFile; fileRef = 0E3337CF279FE9D200F473BA /* NetworkManager.swift */; };
		0E3337D3279FF55700F473BA /* HSBCRate.swift in Sources */ = {isa = PBXBuildFile; fileRef = 0E3337D2279FF55700F473BA /* HSBCRate.swift */; };
		0E3337D527A0FE4800F473BA /* EncodableExtension.swift in Sources */ = {isa = PBXBuildFile; fileRef = 0E3337D427A0FE4800F473BA /* EncodableExtension.swift */; };
		0E3337D727A1344F00F473BA /* ReachabilityHelper.swift in Sources */ = {isa = PBXBuildFile; fileRef = 0E3337D627A1344F00F473BA /* ReachabilityHelper.swift */; };
		0E3337D927A138B600F473BA /* NetworkManager+Request.swift in Sources */ = {isa = PBXBuildFile; fileRef = 0E3337D827A138B600F473BA /* NetworkManager+Request.swift */; };
		0E72C9DC27B3B8D80021C2A7 /* Setting.storyboard in Resources */ = {isa = PBXBuildFile; fileRef = 0E72C9DB27B3B8D70021C2A7 /* Setting.storyboard */; };
		0E72C9DE27B3BABE0021C2A7 /* SettingViewController.swift in Sources */ = {isa = PBXBuildFile; fileRef = 0E72C9DD27B3BABE0021C2A7 /* SettingViewController.swift */; };
		C529602EFB48BF01FC1334A1 /* Pods_RateCalculator.framework in Frameworks */ = {isa = PBXBuildFile; fileRef = 6D0D01E1F23A8F6934C813DD /* Pods_RateCalculator.framework */; };
/* End PBXBuildFile section */

/* Begin PBXFileReference section */
		0E333785279EAE4700F473BA /* RateCalculator.app */ = {isa = PBXFileReference; explicitFileType = wrapper.application; includeInIndex = 0; path = RateCalculator.app; sourceTree = BUILT_PRODUCTS_DIR; };
		0E333788279EAE4700F473BA /* AppDelegate.swift */ = {isa = PBXFileReference; lastKnownFileType = sourcecode.swift; path = AppDelegate.swift; sourceTree = "<group>"; };
		0E33378A279EAE4700F473BA /* SceneDelegate.swift */ = {isa = PBXFileReference; lastKnownFileType = sourcecode.swift; path = SceneDelegate.swift; sourceTree = "<group>"; };
		0E33378C279EAE4700F473BA /* BaseViewController.swift */ = {isa = PBXFileReference; lastKnownFileType = sourcecode.swift; path = BaseViewController.swift; sourceTree = "<group>"; };
		0E33378F279EAE4700F473BA /* Base */ = {isa = PBXFileReference; lastKnownFileType = file.storyboard; name = Base; path = Base.lproj/Main.storyboard; sourceTree = "<group>"; };
		0E333791279EAE4A00F473BA /* Assets.xcassets */ = {isa = PBXFileReference; lastKnownFileType = folder.assetcatalog; path = Assets.xcassets; sourceTree = "<group>"; };
		0E333794279EAE4A00F473BA /* Base */ = {isa = PBXFileReference; lastKnownFileType = file.storyboard; name = Base; path = Base.lproj/LaunchScreen.storyboard; sourceTree = "<group>"; };
		0E333796279EAE4A00F473BA /* Info.plist */ = {isa = PBXFileReference; lastKnownFileType = text.plist.xml; path = Info.plist; sourceTree = "<group>"; };
		0E33379C279EB58C00F473BA /* TabBarController.swift */ = {isa = PBXFileReference; lastKnownFileType = sourcecode.swift; path = TabBarController.swift; sourceTree = "<group>"; };
		0E33379E279EB62000F473BA /* Router.swift */ = {isa = PBXFileReference; lastKnownFileType = sourcecode.swift; path = Router.swift; sourceTree = "<group>"; };
		0E3337A0279EB74500F473BA /* BaseNavigationController.swift */ = {isa = PBXFileReference; lastKnownFileType = sourcecode.swift; path = BaseNavigationController.swift; sourceTree = "<group>"; };
		0E3337A2279EB8DC00F473BA /* ViewModelType.swift */ = {isa = PBXFileReference; lastKnownFileType = sourcecode.swift; path = ViewModelType.swift; sourceTree = "<group>"; };
		0E3337A4279EBB8E00F473BA /* RootRateNavigationController.swift */ = {isa = PBXFileReference; lastKnownFileType = sourcecode.swift; path = RootRateNavigationController.swift; sourceTree = "<group>"; };
		0E3337A6279EBBB200F473BA /* RootCalculatorNavigationController.swift */ = {isa = PBXFileReference; lastKnownFileType = sourcecode.swift; path = RootCalculatorNavigationController.swift; sourceTree = "<group>"; };
		0E3337A8279EBBE100F473BA /* RootMapNavigationController.swift */ = {isa = PBXFileReference; lastKnownFileType = sourcecode.swift; path = RootMapNavigationController.swift; sourceTree = "<group>"; };
		0E3337AA279EBBFB00F473BA /* RootSettingNavigationController.swift */ = {isa = PBXFileReference; lastKnownFileType = sourcecode.swift; path = RootSettingNavigationController.swift; sourceTree = "<group>"; };
		0E3337AC279EBC7D00F473BA /* RootRouter.swift */ = {isa = PBXFileReference; lastKnownFileType = sourcecode.swift; path = RootRouter.swift; sourceTree = "<group>"; };
		0E3337B0279EBD2B00F473BA /* RateRouter.swift */ = {isa = PBXFileReference; lastKnownFileType = sourcecode.swift; path = RateRouter.swift; sourceTree = "<group>"; };
		0E3337B2279F9DCE00F473BA /* RootNavigationController.swift */ = {isa = PBXFileReference; lastKnownFileType = sourcecode.swift; path = RootNavigationController.swift; sourceTree = "<group>"; };
		0E3337B5279FA1DE00F473BA /* UIStoryboard+Create.swift */ = {isa = PBXFileReference; lastKnownFileType = sourcecode.swift; path = "UIStoryboard+Create.swift"; sourceTree = "<group>"; };
		0E3337B7279FA7EC00F473BA /* UIColorInitExtension.swift */ = {isa = PBXFileReference; lastKnownFileType = sourcecode.swift; path = UIColorInitExtension.swift; sourceTree = "<group>"; };
		0E3337B9279FAE4B00F473BA /* UIViewRoundCornerExtension.swift */ = {isa = PBXFileReference; lastKnownFileType = sourcecode.swift; path = UIViewRoundCornerExtension.swift; sourceTree = "<group>"; };
		0E3337BB279FAE9F00F473BA /* UIViewShadowExtension.swift */ = {isa = PBXFileReference; lastKnownFileType = sourcecode.swift; path = UIViewShadowExtension.swift; sourceTree = "<group>"; };
		0E3337BD279FB13E00F473BA /* Rate.storyboard */ = {isa = PBXFileReference; lastKnownFileType = file.storyboard; path = Rate.storyboard; sourceTree = "<group>"; };
		0E3337BF279FB5E500F473BA /* RateViewController.swift */ = {isa = PBXFileReference; lastKnownFileType = sourcecode.swift; path = RateViewController.swift; sourceTree = "<group>"; };
		0E3337C1279FDE1D00F473BA /* RateTableViewCell.swift */ = {isa = PBXFileReference; lastKnownFileType = sourcecode.swift; path = RateTableViewCell.swift; sourceTree = "<group>"; };
		0E3337C8279FE5D800F473BA /* RateViewModel.swift */ = {isa = PBXFileReference; lastKnownFileType = sourcecode.swift; path = RateViewModel.swift; sourceTree = "<group>"; };
		0E3337CA279FE5EC00F473BA /* RateTableViewCellViewModel.swift */ = {isa = PBXFileReference; lastKnownFileType = sourcecode.swift; path = RateTableViewCellViewModel.swift; sourceTree = "<group>"; };
		0E3337CD279FE9BF00F473BA /* Api.swift */ = {isa = PBXFileReference; lastKnownFileType = sourcecode.swift; path = Api.swift; sourceTree = "<group>"; };
		0E3337CF279FE9D200F473BA /* NetworkManager.swift */ = {isa = PBXFileReference; lastKnownFileType = sourcecode.swift; path = NetworkManager.swift; sourceTree = "<group>"; };
		0E3337D2279FF55700F473BA /* HSBCRate.swift */ = {isa = PBXFileReference; lastKnownFileType = sourcecode.swift; path = HSBCRate.swift; sourceTree = "<group>"; };
		0E3337D427A0FE4800F473BA /* EncodableExtension.swift */ = {isa = PBXFileReference; lastKnownFileType = sourcecode.swift; path = EncodableExtension.swift; sourceTree = "<group>"; };
		0E3337D627A1344F00F473BA /* ReachabilityHelper.swift */ = {isa = PBXFileReference; lastKnownFileType = sourcecode.swift; path = ReachabilityHelper.swift; sourceTree = "<group>"; };
		0E3337D827A138B600F473BA /* NetworkManager+Request.swift */ = {isa = PBXFileReference; lastKnownFileType = sourcecode.swift; path = "NetworkManager+Request.swift"; sourceTree = "<group>"; };
		0E72C9DB27B3B8D70021C2A7 /* Setting.storyboard */ = {isa = PBXFileReference; lastKnownFileType = file.storyboard; path = Setting.storyboard; sourceTree = "<group>"; };
		0E72C9DD27B3BABE0021C2A7 /* SettingViewController.swift */ = {isa = PBXFileReference; lastKnownFileType = sourcecode.swift; path = SettingViewController.swift; sourceTree = "<group>"; };
		6D0D01E1F23A8F6934C813DD /* Pods_RateCalculator.framework */ = {isa = PBXFileReference; explicitFileType = wrapper.framework; includeInIndex = 0; path = Pods_RateCalculator.framework; sourceTree = BUILT_PRODUCTS_DIR; };
		DDA87A24122CF66AA75DA70D /* Pods-RateCalculator.release.xcconfig */ = {isa = PBXFileReference; includeInIndex = 1; lastKnownFileType = text.xcconfig; name = "Pods-RateCalculator.release.xcconfig"; path = "Target Support Files/Pods-RateCalculator/Pods-RateCalculator.release.xcconfig"; sourceTree = "<group>"; };
		E5FE1F30B6CDFAF9A5D78968 /* Pods-RateCalculator.debug.xcconfig */ = {isa = PBXFileReference; includeInIndex = 1; lastKnownFileType = text.xcconfig; name = "Pods-RateCalculator.debug.xcconfig"; path = "Target Support Files/Pods-RateCalculator/Pods-RateCalculator.debug.xcconfig"; sourceTree = "<group>"; };
/* End PBXFileReference section */

/* Begin PBXFrameworksBuildPhase section */
		0E333782279EAE4700F473BA /* Frameworks */ = {
			isa = PBXFrameworksBuildPhase;
			buildActionMask = 2147483647;
			files = (
				C529602EFB48BF01FC1334A1 /* Pods_RateCalculator.framework in Frameworks */,
			);
			runOnlyForDeploymentPostprocessing = 0;
		};
/* End PBXFrameworksBuildPhase section */

/* Begin PBXGroup section */
		0E33377C279EAE4700F473BA = {
			isa = PBXGroup;
			children = (
				0E333787279EAE4700F473BA /* RateCalculator */,
				0E333786279EAE4700F473BA /* Products */,
				754291AEC17AED20C17E34A7 /* Pods */,
				3D0EC8E3EAF7B28B192E2648 /* Frameworks */,
			);
			sourceTree = "<group>";
		};
		0E333786279EAE4700F473BA /* Products */ = {
			isa = PBXGroup;
			children = (
				0E333785279EAE4700F473BA /* RateCalculator.app */,
			);
			name = Products;
			sourceTree = "<group>";
		};
		0E333787279EAE4700F473BA /* RateCalculator */ = {
			isa = PBXGroup;
			children = (
				0E3337D1279FF53300F473BA /* Model */,
				0E3337CC279FE99D00F473BA /* Manager */,
				0E3337B4279FA1AD00F473BA /* Extension */,
				0E3337AF279EBCD000F473BA /* NavigationController */,
				0E3337AE279EBCC600F473BA /* Router */,
				0E3337C3279FE54B00F473BA /* Scene */,
				0E333788279EAE4700F473BA /* AppDelegate.swift */,
				0E33378A279EAE4700F473BA /* SceneDelegate.swift */,
				0E333791279EAE4A00F473BA /* Assets.xcassets */,
				0E333796279EAE4A00F473BA /* Info.plist */,
				0E3337D627A1344F00F473BA /* ReachabilityHelper.swift */,
			);
			path = RateCalculator;
			sourceTree = "<group>";
		};
		0E3337AE279EBCC600F473BA /* Router */ = {
			isa = PBXGroup;
			children = (
				0E33379E279EB62000F473BA /* Router.swift */,
				0E3337AC279EBC7D00F473BA /* RootRouter.swift */,
				0E3337B0279EBD2B00F473BA /* RateRouter.swift */,
			);
			path = Router;
			sourceTree = "<group>";
		};
		0E3337AF279EBCD000F473BA /* NavigationController */ = {
			isa = PBXGroup;
			children = (
				0E3337A6279EBBB200F473BA /* RootCalculatorNavigationController.swift */,
				0E3337AA279EBBFB00F473BA /* RootSettingNavigationController.swift */,
				0E3337A8279EBBE100F473BA /* RootMapNavigationController.swift */,
				0E3337A4279EBB8E00F473BA /* RootRateNavigationController.swift */,
				0E3337B2279F9DCE00F473BA /* RootNavigationController.swift */,
				0E3337A0279EB74500F473BA /* BaseNavigationController.swift */,
			);
			path = NavigationController;
			sourceTree = "<group>";
		};
		0E3337B4279FA1AD00F473BA /* Extension */ = {
			isa = PBXGroup;
			children = (
				0E3337B5279FA1DE00F473BA /* UIStoryboard+Create.swift */,
				0E3337B7279FA7EC00F473BA /* UIColorInitExtension.swift */,
				0E3337B9279FAE4B00F473BA /* UIViewRoundCornerExtension.swift */,
				0E3337BB279FAE9F00F473BA /* UIViewShadowExtension.swift */,
				0E3337D427A0FE4800F473BA /* EncodableExtension.swift */,
			);
			path = Extension;
			sourceTree = "<group>";
		};
		0E3337C3279FE54B00F473BA /* Scene */ = {
			isa = PBXGroup;
			children = (
				0E72C9DA27B3B8B10021C2A7 /* Setting */,
				0E333793279EAE4A00F473BA /* LaunchScreen.storyboard */,
				0E33379C279EB58C00F473BA /* TabBarController.swift */,
				0E3337A2279EB8DC00F473BA /* ViewModelType.swift */,
				0E33378E279EAE4700F473BA /* Main.storyboard */,
				0E33378C279EAE4700F473BA /* BaseViewController.swift */,
				0E3337C4279FE55D00F473BA /* Rate */,
			);
			path = Scene;
			sourceTree = "<group>";
		};
		0E3337C4279FE55D00F473BA /* Rate */ = {
			isa = PBXGroup;
			children = (
				0E3337BD279FB13E00F473BA /* Rate.storyboard */,
				0E3337C7279FE58700F473BA /* ViewModel */,
				0E3337C6279FE57800F473BA /* ViewController */,
				0E3337C5279FE56600F473BA /* View */,
			);
			path = Rate;
			sourceTree = "<group>";
		};
		0E3337C5279FE56600F473BA /* View */ = {
			isa = PBXGroup;
			children = (
				0E3337C1279FDE1D00F473BA /* RateTableViewCell.swift */,
			);
			path = View;
			sourceTree = "<group>";
		};
		0E3337C6279FE57800F473BA /* ViewController */ = {
			isa = PBXGroup;
			children = (
				0E3337BF279FB5E500F473BA /* RateViewController.swift */,
			);
			path = ViewController;
			sourceTree = "<group>";
		};
		0E3337C7279FE58700F473BA /* ViewModel */ = {
			isa = PBXGroup;
			children = (
				0E3337C8279FE5D800F473BA /* RateViewModel.swift */,
				0E3337CA279FE5EC00F473BA /* RateTableViewCellViewModel.swift */,
			);
			path = ViewModel;
			sourceTree = "<group>";
		};
		0E3337CC279FE99D00F473BA /* Manager */ = {
			isa = PBXGroup;
			children = (
				0E3337CD279FE9BF00F473BA /* Api.swift */,
				0E3337CF279FE9D200F473BA /* NetworkManager.swift */,
				0E3337D827A138B600F473BA /* NetworkManager+Request.swift */,
			);
			path = Manager;
			sourceTree = "<group>";
		};
		0E3337D1279FF53300F473BA /* Model */ = {
			isa = PBXGroup;
			children = (
				0E3337D2279FF55700F473BA /* HSBCRate.swift */,
			);
			path = Model;
			sourceTree = "<group>";
		};
		0E72C9DA27B3B8B10021C2A7 /* Setting */ = {
			isa = PBXGroup;
			children = (
				0E72C9DB27B3B8D70021C2A7 /* Setting.storyboard */,
				0E72C9DD27B3BABE0021C2A7 /* SettingViewController.swift */,
			);
			path = Setting;
			sourceTree = "<group>";
		};
		3D0EC8E3EAF7B28B192E2648 /* Frameworks */ = {
			isa = PBXGroup;
			children = (
				6D0D01E1F23A8F6934C813DD /* Pods_RateCalculator.framework */,
			);
			name = Frameworks;
			sourceTree = "<group>";
		};
		754291AEC17AED20C17E34A7 /* Pods */ = {
			isa = PBXGroup;
			children = (
				E5FE1F30B6CDFAF9A5D78968 /* Pods-RateCalculator.debug.xcconfig */,
				DDA87A24122CF66AA75DA70D /* Pods-RateCalculator.release.xcconfig */,
			);
			path = Pods;
			sourceTree = "<group>";
		};
/* End PBXGroup section */

/* Begin PBXNativeTarget section */
		0E333784279EAE4700F473BA /* RateCalculator */ = {
			isa = PBXNativeTarget;
			buildConfigurationList = 0E333799279EAE4A00F473BA /* Build configuration list for PBXNativeTarget "RateCalculator" */;
			buildPhases = (
				8864239E2F600316D901E2D9 /* [CP] Check Pods Manifest.lock */,
				0E333781279EAE4700F473BA /* Sources */,
				0E333782279EAE4700F473BA /* Frameworks */,
				0E333783279EAE4700F473BA /* Resources */,
				406E8230BCA8DCBC56F0FEA1 /* [CP] Embed Pods Frameworks */,
				B48FFF975369255915A3E9CD /* [CP] Copy Pods Resources */,
			);
			buildRules = (
			);
			dependencies = (
			);
			name = RateCalculator;
			productName = RateCalculator;
			productReference = 0E333785279EAE4700F473BA /* RateCalculator.app */;
			productType = "com.apple.product-type.application";
		};
/* End PBXNativeTarget section */

/* Begin PBXProject section */
		0E33377D279EAE4700F473BA /* Project object */ = {
			isa = PBXProject;
			attributes = {
				BuildIndependentTargetsInParallel = 1;
				LastSwiftUpdateCheck = 1300;
				LastUpgradeCheck = 1300;
				TargetAttributes = {
					0E333784279EAE4700F473BA = {
						CreatedOnToolsVersion = 13.0;
					};
				};
			};
			buildConfigurationList = 0E333780279EAE4700F473BA /* Build configuration list for PBXProject "RateCalculator" */;
			compatibilityVersion = "Xcode 13.0";
			developmentRegion = en;
			hasScannedForEncodings = 0;
			knownRegions = (
				en,
				Base,
			);
			mainGroup = 0E33377C279EAE4700F473BA;
			productRefGroup = 0E333786279EAE4700F473BA /* Products */;
			projectDirPath = "";
			projectRoot = "";
			targets = (
				0E333784279EAE4700F473BA /* RateCalculator */,
			);
		};
/* End PBXProject section */

/* Begin PBXResourcesBuildPhase section */
		0E333783279EAE4700F473BA /* Resources */ = {
			isa = PBXResourcesBuildPhase;
			buildActionMask = 2147483647;
			files = (
				0E333795279EAE4A00F473BA /* LaunchScreen.storyboard in Resources */,
				0E333792279EAE4A00F473BA /* Assets.xcassets in Resources */,
				0E72C9DC27B3B8D80021C2A7 /* Setting.storyboard in Resources */,
				0E3337BE279FB13E00F473BA /* Rate.storyboard in Resources */,
				0E333790279EAE4700F473BA /* Main.storyboard in Resources */,
			);
			runOnlyForDeploymentPostprocessing = 0;
		};
/* End PBXResourcesBuildPhase section */

/* Begin PBXShellScriptBuildPhase section */
		406E8230BCA8DCBC56F0FEA1 /* [CP] Embed Pods Frameworks */ = {
			isa = PBXShellScriptBuildPhase;
			buildActionMask = 2147483647;
			files = (
			);
			inputFileListPaths = (
				"${PODS_ROOT}/Target Support Files/Pods-RateCalculator/Pods-RateCalculator-frameworks-${CONFIGURATION}-input-files.xcfilelist",
			);
			name = "[CP] Embed Pods Frameworks";
			outputFileListPaths = (
				"${PODS_ROOT}/Target Support Files/Pods-RateCalculator/Pods-RateCalculator-frameworks-${CONFIGURATION}-output-files.xcfilelist",
			);
			runOnlyForDeploymentPostprocessing = 0;
			shellPath = /bin/sh;
			shellScript = "\"${PODS_ROOT}/Target Support Files/Pods-RateCalculator/Pods-RateCalculator-frameworks.sh\"\n";
			showEnvVarsInLog = 0;
		};
		8864239E2F600316D901E2D9 /* [CP] Check Pods Manifest.lock */ = {
			isa = PBXShellScriptBuildPhase;
			buildActionMask = 2147483647;
			files = (
			);
			inputFileListPaths = (
			);
			inputPaths = (
				"${PODS_PODFILE_DIR_PATH}/Podfile.lock",
				"${PODS_ROOT}/Manifest.lock",
			);
			name = "[CP] Check Pods Manifest.lock";
			outputFileListPaths = (
			);
			outputPaths = (
				"$(DERIVED_FILE_DIR)/Pods-RateCalculator-checkManifestLockResult.txt",
			);
			runOnlyForDeploymentPostprocessing = 0;
			shellPath = /bin/sh;
			shellScript = "diff \"${PODS_PODFILE_DIR_PATH}/Podfile.lock\" \"${PODS_ROOT}/Manifest.lock\" > /dev/null\nif [ $? != 0 ] ; then\n    # print error to STDERR\n    echo \"error: The sandbox is not in sync with the Podfile.lock. Run 'pod install' or update your CocoaPods installation.\" >&2\n    exit 1\nfi\n# This output is used by Xcode 'outputs' to avoid re-running this script phase.\necho \"SUCCESS\" > \"${SCRIPT_OUTPUT_FILE_0}\"\n";
			showEnvVarsInLog = 0;
		};
		B48FFF975369255915A3E9CD /* [CP] Copy Pods Resources */ = {
			isa = PBXShellScriptBuildPhase;
			buildActionMask = 2147483647;
			files = (
			);
			inputFileListPaths = (
				"${PODS_ROOT}/Target Support Files/Pods-RateCalculator/Pods-RateCalculator-resources-${CONFIGURATION}-input-files.xcfilelist",
			);
			name = "[CP] Copy Pods Resources";
			outputFileListPaths = (
				"${PODS_ROOT}/Target Support Files/Pods-RateCalculator/Pods-RateCalculator-resources-${CONFIGURATION}-output-files.xcfilelist",
			);
			runOnlyForDeploymentPostprocessing = 0;
			shellPath = /bin/sh;
			shellScript = "\"${PODS_ROOT}/Target Support Files/Pods-RateCalculator/Pods-RateCalculator-resources.sh\"\n";
			showEnvVarsInLog = 0;
		};
/* End PBXShellScriptBuildPhase section */

/* Begin PBXSourcesBuildPhase section */
		0E333781279EAE4700F473BA /* Sources */ = {
			isa = PBXSourcesBuildPhase;
			buildActionMask = 2147483647;
			files = (
				0E72C9DE27B3BABE0021C2A7 /* SettingViewController.swift in Sources */,
				0E3337D927A138B600F473BA /* NetworkManager+Request.swift in Sources */,
				0E33378D279EAE4700F473BA /* BaseViewController.swift in Sources */,
				0E33379D279EB58C00F473BA /* TabBarController.swift in Sources */,
				0E3337CB279FE5EC00F473BA /* RateTableViewCellViewModel.swift in Sources */,
				0E3337A1279EB74500F473BA /* BaseNavigationController.swift in Sources */,
				0E3337D727A1344F00F473BA /* ReachabilityHelper.swift in Sources */,
				0E3337B8279FA7EC00F473BA /* UIColorInitExtension.swift in Sources */,
				0E3337D527A0FE4800F473BA /* EncodableExtension.swift in Sources */,
				0E3337D3279FF55700F473BA /* HSBCRate.swift in Sources */,
				0E3337CE279FE9BF00F473BA /* Api.swift in Sources */,
				0E33379F279EB62000F473BA /* Router.swift in Sources */,
				0E3337AD279EBC7D00F473BA /* RootRouter.swift in Sources */,
				0E3337BC279FAE9F00F473BA /* UIViewShadowExtension.swift in Sources */,
				0E3337C9279FE5D800F473BA /* RateViewModel.swift in Sources */,
				0E3337B3279F9DCE00F473BA /* RootNavigationController.swift in Sources */,
				0E3337B1279EBD2B00F473BA /* RateRouter.swift in Sources */,
				0E3337D0279FE9D200F473BA /* NetworkManager.swift in Sources */,
				0E333789279EAE4700F473BA /* AppDelegate.swift in Sources */,
				0E3337A5279EBB8E00F473BA /* RootRateNavigationController.swift in Sources */,
				0E33378B279EAE4700F473BA /* SceneDelegate.swift in Sources */,
				0E3337B6279FA1DE00F473BA /* UIStoryboard+Create.swift in Sources */,
				0E3337C2279FDE1D00F473BA /* RateTableViewCell.swift in Sources */,
				0E3337AB279EBBFB00F473BA /* RootSettingNavigationController.swift in Sources */,
				0E3337A7279EBBB200F473BA /* RootCalculatorNavigationController.swift in Sources */,
				0E3337C0279FB5E500F473BA /* RateViewController.swift in Sources */,
				0E3337A9279EBBE100F473BA /* RootMapNavigationController.swift in Sources */,
				0E3337BA279FAE4B00F473BA /* UIViewRoundCornerExtension.swift in Sources */,
				0E3337A3279EB8DC00F473BA /* ViewModelType.swift in Sources */,
			);
			runOnlyForDeploymentPostprocessing = 0;
		};
/* End PBXSourcesBuildPhase section */

/* Begin PBXVariantGroup section */
		0E33378E279EAE4700F473BA /* Main.storyboard */ = {
			isa = PBXVariantGroup;
			children = (
				0E33378F279EAE4700F473BA /* Base */,
			);
			name = Main.storyboard;
			sourceTree = "<group>";
		};
		0E333793279EAE4A00F473BA /* LaunchScreen.storyboard */ = {
			isa = PBXVariantGroup;
			children = (
				0E333794279EAE4A00F473BA /* Base */,
			);
			name = LaunchScreen.storyboard;
			sourceTree = "<group>";
		};
/* End PBXVariantGroup section */

/* Begin XCBuildConfiguration section */
		0E333797279EAE4A00F473BA /* Debug */ = {
			isa = XCBuildConfiguration;
			buildSettings = {
				ALWAYS_SEARCH_USER_PATHS = NO;
				CLANG_ANALYZER_NONNULL = YES;
				CLANG_ANALYZER_NUMBER_OBJECT_CONVERSION = YES_AGGRESSIVE;
				CLANG_CXX_LANGUAGE_STANDARD = "gnu++17";
				CLANG_CXX_LIBRARY = "libc++";
				CLANG_ENABLE_MODULES = YES;
				CLANG_ENABLE_OBJC_ARC = YES;
				CLANG_ENABLE_OBJC_WEAK = YES;
				CLANG_WARN_BLOCK_CAPTURE_AUTORELEASING = YES;
				CLANG_WARN_BOOL_CONVERSION = YES;
				CLANG_WARN_COMMA = YES;
				CLANG_WARN_CONSTANT_CONVERSION = YES;
				CLANG_WARN_DEPRECATED_OBJC_IMPLEMENTATIONS = YES;
				CLANG_WARN_DIRECT_OBJC_ISA_USAGE = YES_ERROR;
				CLANG_WARN_DOCUMENTATION_COMMENTS = YES;
				CLANG_WARN_EMPTY_BODY = YES;
				CLANG_WARN_ENUM_CONVERSION = YES;
				CLANG_WARN_INFINITE_RECURSION = YES;
				CLANG_WARN_INT_CONVERSION = YES;
				CLANG_WARN_NON_LITERAL_NULL_CONVERSION = YES;
				CLANG_WARN_OBJC_IMPLICIT_RETAIN_SELF = YES;
				CLANG_WARN_OBJC_LITERAL_CONVERSION = YES;
				CLANG_WARN_OBJC_ROOT_CLASS = YES_ERROR;
				CLANG_WARN_QUOTED_INCLUDE_IN_FRAMEWORK_HEADER = YES;
				CLANG_WARN_RANGE_LOOP_ANALYSIS = YES;
				CLANG_WARN_STRICT_PROTOTYPES = YES;
				CLANG_WARN_SUSPICIOUS_MOVE = YES;
				CLANG_WARN_UNGUARDED_AVAILABILITY = YES_AGGRESSIVE;
				CLANG_WARN_UNREACHABLE_CODE = YES;
				CLANG_WARN__DUPLICATE_METHOD_MATCH = YES;
				COPY_PHASE_STRIP = NO;
				DEBUG_INFORMATION_FORMAT = dwarf;
				ENABLE_STRICT_OBJC_MSGSEND = YES;
				ENABLE_TESTABILITY = YES;
				GCC_C_LANGUAGE_STANDARD = gnu11;
				GCC_DYNAMIC_NO_PIC = NO;
				GCC_NO_COMMON_BLOCKS = YES;
				GCC_OPTIMIZATION_LEVEL = 0;
				GCC_PREPROCESSOR_DEFINITIONS = (
					"DEBUG=1",
					"$(inherited)",
				);
				GCC_WARN_64_TO_32_BIT_CONVERSION = YES;
				GCC_WARN_ABOUT_RETURN_TYPE = YES_ERROR;
				GCC_WARN_UNDECLARED_SELECTOR = YES;
				GCC_WARN_UNINITIALIZED_AUTOS = YES_AGGRESSIVE;
				GCC_WARN_UNUSED_FUNCTION = YES;
				GCC_WARN_UNUSED_VARIABLE = YES;
				IPHONEOS_DEPLOYMENT_TARGET = 13.0;
				MTL_ENABLE_DEBUG_INFO = INCLUDE_SOURCE;
				MTL_FAST_MATH = YES;
				ONLY_ACTIVE_ARCH = YES;
				SDKROOT = iphoneos;
				SWIFT_ACTIVE_COMPILATION_CONDITIONS = DEBUG;
				SWIFT_OPTIMIZATION_LEVEL = "-Onone";
			};
			name = Debug;
		};
		0E333798279EAE4A00F473BA /* Release */ = {
			isa = XCBuildConfiguration;
			buildSettings = {
				ALWAYS_SEARCH_USER_PATHS = NO;
				CLANG_ANALYZER_NONNULL = YES;
				CLANG_ANALYZER_NUMBER_OBJECT_CONVERSION = YES_AGGRESSIVE;
				CLANG_CXX_LANGUAGE_STANDARD = "gnu++17";
				CLANG_CXX_LIBRARY = "libc++";
				CLANG_ENABLE_MODULES = YES;
				CLANG_ENABLE_OBJC_ARC = YES;
				CLANG_ENABLE_OBJC_WEAK = YES;
				CLANG_WARN_BLOCK_CAPTURE_AUTORELEASING = YES;
				CLANG_WARN_BOOL_CONVERSION = YES;
				CLANG_WARN_COMMA = YES;
				CLANG_WARN_CONSTANT_CONVERSION = YES;
				CLANG_WARN_DEPRECATED_OBJC_IMPLEMENTATIONS = YES;
				CLANG_WARN_DIRECT_OBJC_ISA_USAGE = YES_ERROR;
				CLANG_WARN_DOCUMENTATION_COMMENTS = YES;
				CLANG_WARN_EMPTY_BODY = YES;
				CLANG_WARN_ENUM_CONVERSION = YES;
				CLANG_WARN_INFINITE_RECURSION = YES;
				CLANG_WARN_INT_CONVERSION = YES;
				CLANG_WARN_NON_LITERAL_NULL_CONVERSION = YES;
				CLANG_WARN_OBJC_IMPLICIT_RETAIN_SELF = YES;
				CLANG_WARN_OBJC_LITERAL_CONVERSION = YES;
				CLANG_WARN_OBJC_ROOT_CLASS = YES_ERROR;
				CLANG_WARN_QUOTED_INCLUDE_IN_FRAMEWORK_HEADER = YES;
				CLANG_WARN_RANGE_LOOP_ANALYSIS = YES;
				CLANG_WARN_STRICT_PROTOTYPES = YES;
				CLANG_WARN_SUSPICIOUS_MOVE = YES;
				CLANG_WARN_UNGUARDED_AVAILABILITY = YES_AGGRESSIVE;
				CLANG_WARN_UNREACHABLE_CODE = YES;
				CLANG_WARN__DUPLICATE_METHOD_MATCH = YES;
				COPY_PHASE_STRIP = NO;
				DEBUG_INFORMATION_FORMAT = "dwarf-with-dsym";
				ENABLE_NS_ASSERTIONS = NO;
				ENABLE_STRICT_OBJC_MSGSEND = YES;
				GCC_C_LANGUAGE_STANDARD = gnu11;
				GCC_NO_COMMON_BLOCKS = YES;
				GCC_WARN_64_TO_32_BIT_CONVERSION = YES;
				GCC_WARN_ABOUT_RETURN_TYPE = YES_ERROR;
				GCC_WARN_UNDECLARED_SELECTOR = YES;
				GCC_WARN_UNINITIALIZED_AUTOS = YES_AGGRESSIVE;
				GCC_WARN_UNUSED_FUNCTION = YES;
				GCC_WARN_UNUSED_VARIABLE = YES;
				IPHONEOS_DEPLOYMENT_TARGET = 13.0;
				MTL_ENABLE_DEBUG_INFO = NO;
				MTL_FAST_MATH = YES;
				SDKROOT = iphoneos;
				SWIFT_COMPILATION_MODE = wholemodule;
				SWIFT_OPTIMIZATION_LEVEL = "-O";
				VALIDATE_PRODUCT = YES;
			};
			name = Release;
		};
		0E33379A279EAE4A00F473BA /* Debug */ = {
			isa = XCBuildConfiguration;
			baseConfigurationReference = E5FE1F30B6CDFAF9A5D78968 /* Pods-RateCalculator.debug.xcconfig */;
			buildSettings = {
				ASSETCATALOG_COMPILER_APPICON_NAME = AppIcon;
				ASSETCATALOG_COMPILER_GLOBAL_ACCENT_COLOR_NAME = AccentColor;
				CODE_SIGN_STYLE = Automatic;
				CURRENT_PROJECT_VERSION = 1;
				DEVELOPMENT_TEAM = 9JQ7HF2Q6L;
				GENERATE_INFOPLIST_FILE = YES;
				INFOPLIST_FILE = RateCalculator/Info.plist;
				INFOPLIST_KEY_UIApplicationSupportsIndirectInputEvents = YES;
				INFOPLIST_KEY_UILaunchStoryboardName = LaunchScreen;
				INFOPLIST_KEY_UIMainStoryboardFile = Main;
				INFOPLIST_KEY_UISupportedInterfaceOrientations_iPad = "UIInterfaceOrientationPortrait UIInterfaceOrientationPortraitUpsideDown UIInterfaceOrientationLandscapeLeft UIInterfaceOrientationLandscapeRight";
				INFOPLIST_KEY_UISupportedInterfaceOrientations_iPhone = "UIInterfaceOrientationPortrait UIInterfaceOrientationLandscapeLeft UIInterfaceOrientationLandscapeRight";
				IPHONEOS_DEPLOYMENT_TARGET = 13.0;
				LD_RUNPATH_SEARCH_PATHS = (
					"$(inherited)",
					"@executable_path/Frameworks",
				);
				MARKETING_VERSION = 1.0;
				PRODUCT_BUNDLE_IDENTIFIER = com.bowie.RateCalculator;
				PRODUCT_NAME = "$(TARGET_NAME)";
				SWIFT_EMIT_LOC_STRINGS = YES;
				SWIFT_VERSION = 5.0;
				TARGETED_DEVICE_FAMILY = "1,2";
			};
			name = Debug;
		};
		0E33379B279EAE4A00F473BA /* Release */ = {
			isa = XCBuildConfiguration;
			baseConfigurationReference = DDA87A24122CF66AA75DA70D /* Pods-RateCalculator.release.xcconfig */;
			buildSettings = {
				ASSETCATALOG_COMPILER_APPICON_NAME = AppIcon;
				ASSETCATALOG_COMPILER_GLOBAL_ACCENT_COLOR_NAME = AccentColor;
				CODE_SIGN_STYLE = Automatic;
				CURRENT_PROJECT_VERSION = 1;
				DEVELOPMENT_TEAM = 9JQ7HF2Q6L;
				GENERATE_INFOPLIST_FILE = YES;
				INFOPLIST_FILE = RateCalculator/Info.plist;
				INFOPLIST_KEY_UIApplicationSupportsIndirectInputEvents = YES;
				INFOPLIST_KEY_UILaunchStoryboardName = LaunchScreen;
				INFOPLIST_KEY_UIMainStoryboardFile = Main;
				INFOPLIST_KEY_UISupportedInterfaceOrientations_iPad = "UIInterfaceOrientationPortrait UIInterfaceOrientationPortraitUpsideDown UIInterfaceOrientationLandscapeLeft UIInterfaceOrientationLandscapeRight";
				INFOPLIST_KEY_UISupportedInterfaceOrientations_iPhone = "UIInterfaceOrientationPortrait UIInterfaceOrientationLandscapeLeft UIInterfaceOrientationLandscapeRight";
				IPHONEOS_DEPLOYMENT_TARGET = 13.0;
				LD_RUNPATH_SEARCH_PATHS = (
					"$(inherited)",
					"@executable_path/Frameworks",
				);
				MARKETING_VERSION = 1.0;
				PRODUCT_BUNDLE_IDENTIFIER = com.bowie.RateCalculator;
				PRODUCT_NAME = "$(TARGET_NAME)";
				SWIFT_EMIT_LOC_STRINGS = YES;
				SWIFT_VERSION = 5.0;
				TARGETED_DEVICE_FAMILY = "1,2";
			};
			name = Release;
		};
/* End XCBuildConfiguration section */

/* Begin XCConfigurationList section */
		0E333780279EAE4700F473BA /* Build configuration list for PBXProject "RateCalculator" */ = {
			isa = XCConfigurationList;
			buildConfigurations = (
				0E333797279EAE4A00F473BA /* Debug */,
				0E333798279EAE4A00F473BA /* Release */,
			);
			defaultConfigurationIsVisible = 0;
			defaultConfigurationName = Release;
		};
		0E333799279EAE4A00F473BA /* Build configuration list for PBXNativeTarget "RateCalculator" */ = {
			isa = XCConfigurationList;
			buildConfigurations = (
				0E33379A279EAE4A00F473BA /* Debug */,
				0E33379B279EAE4A00F473BA /* Release */,
			);
			defaultConfigurationIsVisible = 0;
			defaultConfigurationName = Release;
		};
/* End XCConfigurationList section */
	};
	rootObject = 0E33377D279EAE4700F473BA /* Project object */;
}
